
Microsoft Visual Studio Solution File, Format Version 12.00
# Visual Studio Version 16
VisualStudioVersion = 16.0.31911.196
MinimumVisualStudioVersion = 10.0.40219.1
Project("{FAE04EC0-301F-11D3-BF4B-00C04F79EFBC}") = "TPBinding", "TPBinding.csproj", "{3FE55821-2264-4EE1-AA1B-9A67E1D1FF2F}"
EndProject
Global
	GlobalSection(SolutionConfigurationPlatforms) = preSolution
		Debug|Any CPU = Debug|Any CPU
		Release|Any CPU = Release|Any CPU
	EndGlobalSection
	GlobalSection(ProjectConfigurationPlatforms) = postSolution
		{3FE55821-2264-4EE1-AA1B-9A67E1D1FF2F}.Debug|Any CPU.ActiveCfg = Debug|Any CPU
		{3FE55821-2264-4EE1-AA1B-9A67E1D1FF2F}.Debug|Any CPU.Build.0 = Debug|Any CPU
		{3FE55821-2264-4EE1-AA1B-9A67E1D1FF2F}.Release|Any CPU.ActiveCfg = Release|Any CPU
		{3FE55821-2264-4EE1-AA1B-9A67E1D1FF2F}.Release|Any CPU.Build.0 = Release|Any CPU
	EndGlobalSection
	GlobalSection(SolutionProperties) = preSolution
		HideSolutionNode = FALSE
	EndGlobalSection
	GlobalSection(ExtensibilityGlobals) = postSolution
		SolutionGuid = {92E63514-7910-4266-A055-B4F62A00391B}
	EndGlobalSection
EndGlobal
